{
  "name": "js",
  "version": "0.0.0",
  "lockfileVersion": 3,
  "requires": true,
  "packages": {
    "": {
      "name": "js",
      "version": "0.0.0",
      "dependencies": {
        "maybe-monada": "^3.0.0"
      }
    },
    "node_modules/maybe-monada": {
      "version": "3.0.0",
      "resolved": "https://registry.npmjs.org/maybe-monada/-/maybe-monada-3.0.0.tgz",
      "integrity": "sha512-aaD8xKQkUhnWz4C+SeFlUvV/5l+U6nObUadFRiqluh6p0szH34VHIn133M+I0cBuHFzMvFTPnYrNjAnftbbIGg=="
    }
  }
}
